# This file is autogenerated, do not edit; changes may be undone by the next 'dep ensure'.


[[projects]]
  branch = "master"
  name = "github.com/aws/aws-sdk-go"
  packages = ["aws","aws/awserr","aws/awsutil","aws/client","aws/client/metadata","aws/corehandlers","aws/credentials","aws/credentials/ec2rolecreds","aws/credentials/endpointcreds","aws/credentials/stscreds","aws/defaults","aws/ec2metadata","aws/endpoints","aws/request","aws/session","aws/signer/v4","private/protocol","private/protocol/query","private/protocol/query/queryutil","private/protocol/rest","private/protocol/xml/xmlutil","service/elbv2","service/sts"]
  revision = "a202fff91075d482fbeb32f98322a4b39126bc92"

[[projects]]
  branch = "master"
  name = "github.com/braintree/manners"
  packages = ["."]
  revision = "82a8879fc5fd0381fa8b2d8033b19bf255252088"

[[projects]]
  branch = "master"
  name = "github.com/coreos/etcd"
  packages = ["client","pkg/pathutil","pkg/srv","pkg/types","version"]
  revision = "7acd43e8bb2bd309806a4a65ed0a52f3fd47f380"

[[projects]]
  name = "github.com/coreos/go-semver"
  packages = ["semver"]
  revision = "8ab6407b697782a06568d4b7f1db25550ec2e4c6"
  version = "v0.2.0"

[[projects]]
  name = "github.com/go-ini/ini"
  packages = ["."]
  revision = "36da989cdc560b989d8f195aec46214d33665d20"
  version = "v1.27.2"

[[projects]]
  name = "github.com/jmespath/go-jmespath"
  packages = ["."]
  revision = "3433f3ea46d9f8019119e7dd41274e112a2359a9"
  version = "0.2.2"

[[projects]]
  branch = "master"
  name = "github.com/ugorji/go"
  packages = ["codec"]
  revision = "708a42d246822952f38190a8d8c4e6b16a0e600c"

[[projects]]
  branch = "master"
  name = "golang.org/x/net"
  packages = ["context"]
  revision = "3da985ce5951d99de868be4385f21ea6c2b22f24"

[solve-meta]
  analyzer-name = "dep"
  analyzer-version = 1
  inputs-digest = "527df656cb1a73da8e27b2c8c5cfbcb4ca1ba433444b2a67b16aff5013a7d687"
  solver-name = "gps-cdcl"
  solver-version = 1
